
Microsoft Visual Studio Solution File, Format Version 12.00
# Visual Studio Version 17
VisualStudioVersion = 17.2.32526.322
MinimumVisualStudioVersion = 10.0.40219.1
Project("{FAE04EC0-301F-11D3-BF4B-00C04F79EFBC}") = "test_unitaire", "test_unitaire\test_unitaire.csproj", "{D061AF4F-AD03-4B8D-BF7B-826D8176AB2A}"
EndProject
Project("{FAE04EC0-301F-11D3-BF4B-00C04F79EFBC}") = "test_unitaire_test", "test_unitaire_test\test_unitaire_test.csproj", "{DB0A4849-2C57-49C7-8FD7-58BB5CC7718F}"
EndProject
Global
	GlobalSection(SolutionConfigurationPlatforms) = preSolution
		Debug|Any CPU = Debug|Any CPU
		Release|Any CPU = Release|Any CPU
	EndGlobalSection
	GlobalSection(ProjectConfigurationPlatforms) = postSolution
		{D061AF4F-AD03-4B8D-BF7B-826D8176AB2A}.Debug|Any CPU.ActiveCfg = Debug|Any CPU
		{D061AF4F-AD03-4B8D-BF7B-826D8176AB2A}.Debug|Any CPU.Build.0 = Debug|Any CPU
		{D061AF4F-AD03-4B8D-BF7B-826D8176AB2A}.Release|Any CPU.ActiveCfg = Release|Any CPU
		{D061AF4F-AD03-4B8D-BF7B-826D8176AB2A}.Release|Any CPU.Build.0 = Release|Any CPU
		{DB0A4849-2C57-49C7-8FD7-58BB5CC7718F}.Debug|Any CPU.ActiveCfg = Debug|Any CPU
		{DB0A4849-2C57-49C7-8FD7-58BB5CC7718F}.Debug|Any CPU.Build.0 = Debug|Any CPU
		{DB0A4849-2C57-49C7-8FD7-58BB5CC7718F}.Release|Any CPU.ActiveCfg = Release|Any CPU
		{DB0A4849-2C57-49C7-8FD7-58BB5CC7718F}.Release|Any CPU.Build.0 = Release|Any CPU
	EndGlobalSection
	GlobalSection(SolutionProperties) = preSolution
		HideSolutionNode = FALSE
	EndGlobalSection
	GlobalSection(ExtensibilityGlobals) = postSolution
		SolutionGuid = {ECC4ACCD-C827-4707-A1C2-66649999EC05}
	EndGlobalSection
EndGlobal
