
Microsoft Visual Studio Solution File, Format Version 12.00
# Visual Studio Version 17
VisualStudioVersion = 17.2.32526.322
MinimumVisualStudioVersion = 10.0.40219.1
Project("{9A19103F-16F7-4668-BE54-9A1E7A4F7556}") = "RetourPoo", "RetourPoo\RetourPoo.csproj", "{6172B5BE-674A-4A84-992E-8E0906E043A8}"
EndProject
Project("{FAE04EC0-301F-11D3-BF4B-00C04F79EFBC}") = "Retour_test", "Retour_test\Retour_test.csproj", "{AF9A3519-DF70-499A-A2A7-4FCEBFB9C8B5}"
EndProject
Global
	GlobalSection(SolutionConfigurationPlatforms) = preSolution
		Debug|Any CPU = Debug|Any CPU
		Release|Any CPU = Release|Any CPU
	EndGlobalSection
	GlobalSection(ProjectConfigurationPlatforms) = postSolution
		{6172B5BE-674A-4A84-992E-8E0906E043A8}.Debug|Any CPU.ActiveCfg = Debug|Any CPU
		{6172B5BE-674A-4A84-992E-8E0906E043A8}.Debug|Any CPU.Build.0 = Debug|Any CPU
		{6172B5BE-674A-4A84-992E-8E0906E043A8}.Release|Any CPU.ActiveCfg = Release|Any CPU
		{6172B5BE-674A-4A84-992E-8E0906E043A8}.Release|Any CPU.Build.0 = Release|Any CPU
		{AF9A3519-DF70-499A-A2A7-4FCEBFB9C8B5}.Debug|Any CPU.ActiveCfg = Debug|Any CPU
		{AF9A3519-DF70-499A-A2A7-4FCEBFB9C8B5}.Debug|Any CPU.Build.0 = Debug|Any CPU
		{AF9A3519-DF70-499A-A2A7-4FCEBFB9C8B5}.Release|Any CPU.ActiveCfg = Release|Any CPU
		{AF9A3519-DF70-499A-A2A7-4FCEBFB9C8B5}.Release|Any CPU.Build.0 = Release|Any CPU
	EndGlobalSection
	GlobalSection(SolutionProperties) = preSolution
		HideSolutionNode = FALSE
	EndGlobalSection
	GlobalSection(ExtensibilityGlobals) = postSolution
		SolutionGuid = {406C8448-F0F2-4452-AFD5-A3AEC5A88DB9}
	EndGlobalSection
EndGlobal
